github.com/kofalt/go-memoize v0.0.0-20200917044458-9b55a8d73e1c h1:iQm590VHHIeY1j9OFi2qBPgIeDqxz+PmHdDK/fUcN7s=
github.com/kofalt/go-memoize v0.0.0-20200917044458-9b55a8d73e1c/go.mod h1:IvB2BCBCdgZFN9ZSgInoUlL1sAu0Xbvqfd7D+qqzTeo=
github.com/nanmu42/etherscan-api v1.2.0 h1:ZUK8Ed4JZT83FC3Ze2889t6w8X3D5RZjsN/PTJv8Psc=
github.com/nanmu42/etherscan-api v1.2.0/go.mod h1:JNY1YEQ0cL4Ytlnb3Hf3tjk7rIgprDbludV4xVESLcg=
github.com/patrickmn/go-cache v2.1.0+incompatible h1:HRMgzkcYKYpi3C8ajMPV8OFXaaRUnok+kx1WdO15EQc=
github.com/patrickmn/go-cache v2.1.0+incompatible/go.mod h1:3Qf8kWWT7OJRJbdiICTKqZju1ZixQ/KpMGzzAfe6+WQ=
github.com/smartystreets/assertions v1.2.0/go.mod h1:tcbTF8ujkAEcZ8TElKY+i30BzYlVhC/LOxJk7iOWnoo=
github.com/smartystreets/gunit v1.4.2/go.mod h1:ZjM1ozSIMJlAz/ay4SG8PeKF00ckUp+zMHZXV9/bvak=
golang.org/x/sync v0.0.0-20200625203802-6e8e738ad208/go.mod h1:RxMgew5VJxzue5/jJTE5uejpjVlOe/izrB70Jof72aM=
golang.org/x/sync v0.0.0-20210220032951-036812b2e83c h1:5KslGYwFpkhGh+Q16bwMP3cOontH8FOep7tGV86Y7SQ=
golang.org/x/sync v0.0.0-20210220032951-036812b2e83c/go.mod h1:RxMgew5VJxzue5/jJTE5uejpjVlOe/izrB70Jof72aM=
